// !$*UTF8*$!
{
	archiveVersion = 1;
	classes = {
	};
	objectVersion = 46;
	objects = {

/* Begin PBXBuildFile section */
		1FDD34401A0A09320082319E /* Foundation.framework in Frameworks */ = {isa = PBXBuildFile; fileRef = 1FDD343F1A0A09320082319E /* Foundation.framework */; };
		1FDD34421A0A09320082319E /* CoreGraphics.framework in Frameworks */ = {isa = PBXBuildFile; fileRef = 1FDD34411A0A09320082319E /* CoreGraphics.framework */; };
		1FDD34441A0A09320082319E /* UIKit.framework in Frameworks */ = {isa = PBXBuildFile; fileRef = 1FDD34431A0A09320082319E /* UIKit.framework */; };
		1FDD344A1A0A09320082319E /* InfoPlist.strings in Resources */ = {isa = PBXBuildFile; fileRef = 1FDD34481A0A09320082319E /* InfoPlist.strings */; };
		1FDD344C1A0A09320082319E /* main.m in Sources */ = {isa = PBXBuildFile; fileRef = 1FDD344B1A0A09320082319E /* main.m */; };
		1FDD34501A0A09320082319E /* AppDelegate.m in Sources */ = {isa = PBXBuildFile; fileRef = 1FDD344F1A0A09320082319E /* AppDelegate.m */; };
		1FDD34531A0A09320082319E /* Main_iPhone.storyboard in Resources */ = {isa = PBXBuildFile; fileRef = 1FDD34511A0A09320082319E /* Main_iPhone.storyboard */; };
		1FDD34561A0A09320082319E /* Main_iPad.storyboard in Resources */ = {isa = PBXBuildFile; fileRef = 1FDD34541A0A09320082319E /* Main_iPad.storyboard */; };
		1FDD34591A0A09320082319E /* ViewController.m in Sources */ = {isa = PBXBuildFile; fileRef = 1FDD34581A0A09320082319E /* ViewController.m */; };
		1FDD345B1A0A09320082319E /* Images.xcassets in Resources */ = {isa = PBXBuildFile; fileRef = 1FDD345A1A0A09320082319E /* Images.xcassets */; };
		1FDD34621A0A09320082319E /* XCTest.framework in Frameworks */ = {isa = PBXBuildFile; fileRef = 1FDD34611A0A09320082319E /* XCTest.framework */; };
		1FDD34631A0A09320082319E /* Foundation.framework in Frameworks */ = {isa = PBXBuildFile; fileRef = 1FDD343F1A0A09320082319E /* Foundation.framework */; };
		1FDD34641A0A09320082319E /* UIKit.framework in Frameworks */ = {isa = PBXBuildFile; fileRef = 1FDD34431A0A09320082319E /* UIKit.framework */; };
		1FDD346C1A0A09320082319E /* InfoPlist.strings in Resources */ = {isa = PBXBuildFile; fileRef = 1FDD346A1A0A09320082319E /* InfoPlist.strings */; };
		1FDD346E1A0A09320082319E /* MB_____demoTests.m in Sources */ = {isa = PBXBuildFile; fileRef = 1FDD346D1A0A09320082319E /* MB_____demoTests.m */; };
		1FDD34791A0A09970082319E /* MBProgressHUD.m in Sources */ = {isa = PBXBuildFile; fileRef = 1FDD34781A0A09970082319E /* MBProgressHUD.m */; };
		1FDD347C1A0A0A230082319E /* MainViewController.m in Sources */ = {isa = PBXBuildFile; fileRef = 1FDD347B1A0A0A230082319E /* MainViewController.m */; };
/* End PBXBuildFile section */

/* Begin PBXContainerItemProxy section */
		1FDD34651A0A09320082319E /* PBXContainerItemProxy */ = {
			isa = PBXContainerItemProxy;
			containerPortal = 1FDD34341A0A09320082319E /* Project object */;
			proxyType = 1;
			remoteGlobalIDString = 1FDD343B1A0A09320082319E;
			remoteInfo = "MB_加载效果demo";
		};
/* End PBXContainerItemProxy section */

/* Begin PBXFileReference section */
		1FDD343C1A0A09320082319E /* MB_加载效果demo.app */ = {isa = PBXFileReference; explicitFileType = wrapper.application; includeInIndex = 0; path = "MB_加载效果demo.app"; sourceTree = BUILT_PRODUCTS_DIR; };
		1FDD343F1A0A09320082319E /* Foundation.framework */ = {isa = PBXFileReference; lastKnownFileType = wrapper.framework; name = Foundation.framework; path = System/Library/Frameworks/Foundation.framework; sourceTree = SDKROOT; };
		1FDD34411A0A09320082319E /* CoreGraphics.framework */ = {isa = PBXFileReference; lastKnownFileType = wrapper.framework; name = CoreGraphics.framework; path = System/Library/Frameworks/CoreGraphics.framework; sourceTree = SDKROOT; };
		1FDD34431A0A09320082319E /* UIKit.framework */ = {isa = PBXFileReference; lastKnownFileType = wrapper.framework; name = UIKit.framework; path = System/Library/Frameworks/UIKit.framework; sourceTree = SDKROOT; };
		1FDD34471A0A09320082319E /* MB_加载效果demo-Info.plist */ = {isa = PBXFileReference; lastKnownFileType = text.plist.xml; path = "MB_加载效果demo-Info.plist"; sourceTree = "<group>"; };
		1FDD34491A0A09320082319E /* en */ = {isa = PBXFileReference; lastKnownFileType = text.plist.strings; name = en; path = en.lproj/InfoPlist.strings; sourceTree = "<group>"; };
		1FDD344B1A0A09320082319E /* main.m */ = {isa = PBXFileReference; lastKnownFileType = sourcecode.c.objc; path = main.m; sourceTree = "<group>"; };
		1FDD344D1A0A09320082319E /* MB_加载效果demo-Prefix.pch */ = {isa = PBXFileReference; lastKnownFileType = sourcecode.c.h; path = "MB_加载效果demo-Prefix.pch"; sourceTree = "<group>"; };
		1FDD344E1A0A09320082319E /* AppDelegate.h */ = {isa = PBXFileReference; lastKnownFileType = sourcecode.c.h; path = AppDelegate.h; sourceTree = "<group>"; };
		1FDD344F1A0A09320082319E /* AppDelegate.m */ = {isa = PBXFileReference; lastKnownFileType = sourcecode.c.objc; path = AppDelegate.m; sourceTree = "<group>"; };
		1FDD34521A0A09320082319E /* Base */ = {isa = PBXFileReference; lastKnownFileType = file.storyboard; name = Base; path = Base.lproj/Main_iPhone.storyboard; sourceTree = "<group>"; };
		1FDD34551A0A09320082319E /* Base */ = {isa = PBXFileReference; lastKnownFileType = file.storyboard; name = Base; path = Base.lproj/Main_iPad.storyboard; sourceTree = "<group>"; };
		1FDD34571A0A09320082319E /* ViewController.h */ = {isa = PBXFileReference; lastKnownFileType = sourcecode.c.h; path = ViewController.h; sourceTree = "<group>"; };
		1FDD34581A0A09320082319E /* ViewController.m */ = {isa = PBXFileReference; lastKnownFileType = sourcecode.c.objc; path = ViewController.m; sourceTree = "<group>"; };
		1FDD345A1A0A09320082319E /* Images.xcassets */ = {isa = PBXFileReference; lastKnownFileType = folder.assetcatalog; path = Images.xcassets; sourceTree = "<group>"; };
		1FDD34601A0A09320082319E /* MB_加载效果demoTests.xctest */ = {isa = PBXFileReference; explicitFileType = wrapper.cfbundle; includeInIndex = 0; path = "MB_加载效果demoTests.xctest"; sourceTree = BUILT_PRODUCTS_DIR; };
		1FDD34611A0A09320082319E /* XCTest.framework */ = {isa = PBXFileReference; lastKnownFileType = wrapper.framework; name = XCTest.framework; path = Library/Frameworks/XCTest.framework; sourceTree = DEVELOPER_DIR; };
		1FDD34691A0A09320082319E /* MB_加载效果demoTests-Info.plist */ = {isa = PBXFileReference; lastKnownFileType = text.plist.xml; path = "MB_加载效果demoTests-Info.plist"; sourceTree = "<group>"; };
		1FDD346B1A0A09320082319E /* en */ = {isa = PBXFileReference; lastKnownFileType = text.plist.strings; name = en; path = en.lproj/InfoPlist.strings; sourceTree = "<group>"; };
		1FDD346D1A0A09320082319E /* MB_____demoTests.m */ = {isa = PBXFileReference; lastKnownFileType = sourcecode.c.objc; path = "MB_____demoTests.m"; sourceTree = "<group>"; };
		1FDD34771A0A09970082319E /* MBProgressHUD.h */ = {isa = PBXFileReference; fileEncoding = 4; lastKnownFileType = sourcecode.c.h; path = MBProgressHUD.h; sourceTree = "<group>"; };
		1FDD34781A0A09970082319E /* MBProgressHUD.m */ = {isa = PBXFileReference; fileEncoding = 4; lastKnownFileType = sourcecode.c.objc; path = MBProgressHUD.m; sourceTree = "<group>"; };
		1FDD347A1A0A0A230082319E /* MainViewController.h */ = {isa = PBXFileReference; fileEncoding = 4; lastKnownFileType = sourcecode.c.h; path = MainViewController.h; sourceTree = "<group>"; };
		1FDD347B1A0A0A230082319E /* MainViewController.m */ = {isa = PBXFileReference; fileEncoding = 4; lastKnownFileType = sourcecode.c.objc; path = MainViewController.m; sourceTree = "<group>"; };
/* End PBXFileReference section */

/* Begin PBXFrameworksBuildPhase section */
		1FDD34391A0A09320082319E /* Frameworks */ = {
			isa = PBXFrameworksBuildPhase;
			buildActionMask = 2147483647;
			files = (
				1FDD34421A0A09320082319E /* CoreGraphics.framework in Frameworks */,
				1FDD34441A0A09320082319E /* UIKit.framework in Frameworks */,
				1FDD34401A0A09320082319E /* Foundation.framework in Frameworks */,
			);
			runOnlyForDeploymentPostprocessing = 0;
		};
		1FDD345D1A0A09320082319E /* Frameworks */ = {
			isa = PBXFrameworksBuildPhase;
			buildActionMask = 2147483647;
			files = (
				1FDD34621A0A09320082319E /* XCTest.framework in Frameworks */,
				1FDD34641A0A09320082319E /* UIKit.framework in Frameworks */,
				1FDD34631A0A09320082319E /* Foundation.framework in Frameworks */,
			);
			runOnlyForDeploymentPostprocessing = 0;
		};
/* End PBXFrameworksBuildPhase section */

/* Begin PBXGroup section */
		1FDD34331A0A09320082319E = {
			isa = PBXGroup;
			children = (
				1FDD34451A0A09320082319E /* MB_加载效果demo */,
				1FDD34671A0A09320082319E /* MB_加载效果demoTests */,
				1FDD343E1A0A09320082319E /* Frameworks */,
				1FDD343D1A0A09320082319E /* Products */,
			);
			sourceTree = "<group>";
		};
		1FDD343D1A0A09320082319E /* Products */ = {
			isa = PBXGroup;
			children = (
				1FDD343C1A0A09320082319E /* MB_加载效果demo.app */,
				1FDD34601A0A09320082319E /* MB_加载效果demoTests.xctest */,
			);
			name = Products;
			sourceTree = "<group>";
		};
		1FDD343E1A0A09320082319E /* Frameworks */ = {
			isa = PBXGroup;
			children = (
				1FDD343F1A0A09320082319E /* Foundation.framework */,
				1FDD34411A0A09320082319E /* CoreGraphics.framework */,
				1FDD34431A0A09320082319E /* UIKit.framework */,
				1FDD34611A0A09320082319E /* XCTest.framework */,
			);
			name = Frameworks;
			sourceTree = "<group>";
		};
		1FDD34451A0A09320082319E /* MB_加载效果demo */ = {
			isa = PBXGroup;
			children = (
				1FDD344E1A0A09320082319E /* AppDelegate.h */,
				1FDD344F1A0A09320082319E /* AppDelegate.m */,
				1FDD347A1A0A0A230082319E /* MainViewController.h */,
				1FDD347B1A0A0A230082319E /* MainViewController.m */,
				1FDD34771A0A09970082319E /* MBProgressHUD.h */,
				1FDD34781A0A09970082319E /* MBProgressHUD.m */,
				1FDD34511A0A09320082319E /* Main_iPhone.storyboard */,
				1FDD34541A0A09320082319E /* Main_iPad.storyboard */,
				1FDD34571A0A09320082319E /* ViewController.h */,
				1FDD34581A0A09320082319E /* ViewController.m */,
				1FDD345A1A0A09320082319E /* Images.xcassets */,
				1FDD34461A0A09320082319E /* Supporting Files */,
			);
			path = "MB_加载效果demo";
			sourceTree = "<group>";
		};
		1FDD34461A0A09320082319E /* Supporting Files */ = {
			isa = PBXGroup;
			children = (
				1FDD34471A0A09320082319E /* MB_加载效果demo-Info.plist */,
				1FDD34481A0A09320082319E /* InfoPlist.strings */,
				1FDD344B1A0A09320082319E /* main.m */,
				1FDD344D1A0A09320082319E /* MB_加载效果demo-Prefix.pch */,
			);
			name = "Supporting Files";
			sourceTree = "<group>";
		};
		1FDD34671A0A09320082319E /* MB_加载效果demoTests */ = {
			isa = PBXGroup;
			children = (
				1FDD346D1A0A09320082319E /* MB_____demoTests.m */,
				1FDD34681A0A09320082319E /* Supporting Files */,
			);
			path = "MB_加载效果demoTests";
			sourceTree = "<group>";
		};
		1FDD34681A0A09320082319E /* Supporting Files */ = {
			isa = PBXGroup;
			children = (
				1FDD34691A0A09320082319E /* MB_加载效果demoTests-Info.plist */,
				1FDD346A1A0A09320082319E /* InfoPlist.strings */,
			);
			name = "Supporting Files";
			sourceTree = "<group>";
		};
/* End PBXGroup section */

/* Begin PBXNativeTarget section */
		1FDD343B1A0A09320082319E /* MB_加载效果demo */ = {
			isa = PBXNativeTarget;
			buildConfigurationList = 1FDD34711A0A09320082319E /* Build configuration list for PBXNativeTarget "MB_加载效果demo" */;
			buildPhases = (
				1FDD34381A0A09320082319E /* Sources */,
				1FDD34391A0A09320082319E /* Frameworks */,
				1FDD343A1A0A09320082319E /* Resources */,
			);
			buildRules = (
			);
			dependencies = (
			);
			name = "MB_加载效果demo";
			productName = "MB_加载效果demo";
			productReference = 1FDD343C1A0A09320082319E /* MB_加载效果demo.app */;
			productType = "com.apple.product-type.application";
		};
		1FDD345F1A0A09320082319E /* MB_加载效果demoTests */ = {
			isa = PBXNativeTarget;
			buildConfigurationList = 1FDD34741A0A09320082319E /* Build configuration list for PBXNativeTarget "MB_加载效果demoTests" */;
			buildPhases = (
				1FDD345C1A0A09320082319E /* Sources */,
				1FDD345D1A0A09320082319E /* Frameworks */,
				1FDD345E1A0A09320082319E /* Resources */,
			);
			buildRules = (
			);
			dependencies = (
				1FDD34661A0A09320082319E /* PBXTargetDependency */,
			);
			name = "MB_加载效果demoTests";
			productName = "MB_加载效果demoTests";
			productReference = 1FDD34601A0A09320082319E /* MB_加载效果demoTests.xctest */;
			productType = "com.apple.product-type.bundle.unit-test";
		};
/* End PBXNativeTarget section */

/* Begin PBXProject section */
		1FDD34341A0A09320082319E /* Project object */ = {
			isa = PBXProject;
			attributes = {
				LastUpgradeCheck = 0510;
				ORGANIZATIONNAME = "北京淘伟科技有限公司";
				TargetAttributes = {
					1FDD345F1A0A09320082319E = {
						TestTargetID = 1FDD343B1A0A09320082319E;
					};
				};
			};
			buildConfigurationList = 1FDD34371A0A09320082319E /* Build configuration list for PBXProject "MB_加载效果demo" */;
			compatibilityVersion = "Xcode 3.2";
			developmentRegion = English;
			hasScannedForEncodings = 0;
			knownRegions = (
				en,
				Base,
			);
			mainGroup = 1FDD34331A0A09320082319E;
			productRefGroup = 1FDD343D1A0A09320082319E /* Products */;
			projectDirPath = "";
			projectRoot = "";
			targets = (
				1FDD343B1A0A09320082319E /* MB_加载效果demo */,
				1FDD345F1A0A09320082319E /* MB_加载效果demoTests */,
			);
		};
/* End PBXProject section */

/* Begin PBXResourcesBuildPhase section */
		1FDD343A1A0A09320082319E /* Resources */ = {
			isa = PBXResourcesBuildPhase;
			buildActionMask = 2147483647;
			files = (
				1FDD34561A0A09320082319E /* Main_iPad.storyboard in Resources */,
				1FDD345B1A0A09320082319E /* Images.xcassets in Resources */,
				1FDD34531A0A09320082319E /* Main_iPhone.storyboard in Resources */,
				1FDD344A1A0A09320082319E /* InfoPlist.strings in Resources */,
			);
			runOnlyForDeploymentPostprocessing = 0;
		};
		1FDD345E1A0A09320082319E /* Resources */ = {
			isa = PBXResourcesBuildPhase;
			buildActionMask = 2147483647;
			files = (
				1FDD346C1A0A09320082319E /* InfoPlist.strings in Resources */,
			);
			runOnlyForDeploymentPostprocessing = 0;
		};
/* End PBXResourcesBuildPhase section */

/* Begin PBXSourcesBuildPhase section */
		1FDD34381A0A09320082319E /* Sources */ = {
			isa = PBXSourcesBuildPhase;
			buildActionMask = 2147483647;
			files = (
				1FDD34591A0A09320082319E /* ViewController.m in Sources */,
				1FDD34501A0A09320082319E /* AppDelegate.m in Sources */,
				1FDD344C1A0A09320082319E /* main.m in Sources */,
				1FDD347C1A0A0A230082319E /* MainViewController.m in Sources */,
				1FDD34791A0A09970082319E /* MBProgressHUD.m in Sources */,
			);
			runOnlyForDeploymentPostprocessing = 0;
		};
		1FDD345C1A0A09320082319E /* Sources */ = {
			isa = PBXSourcesBuildPhase;
			buildActionMask = 2147483647;
			files = (
				1FDD346E1A0A09320082319E /* MB_____demoTests.m in Sources */,
			);
			runOnlyForDeploymentPostprocessing = 0;
		};
/* End PBXSourcesBuildPhase section */

/* Begin PBXTargetDependency section */
		1FDD34661A0A09320082319E /* PBXTargetDependency */ = {
			isa = PBXTargetDependency;
			target = 1FDD343B1A0A09320082319E /* MB_加载效果demo */;
			targetProxy = 1FDD34651A0A09320082319E /* PBXContainerItemProxy */;
		};
/* End PBXTargetDependency section */

/* Begin PBXVariantGroup section */
		1FDD34481A0A09320082319E /* InfoPlist.strings */ = {
			isa = PBXVariantGroup;
			children = (
				1FDD34491A0A09320082319E /* en */,
			);
			name = InfoPlist.strings;
			sourceTree = "<group>";
		};
		1FDD34511A0A09320082319E /* Main_iPhone.storyboard */ = {
			isa = PBXVariantGroup;
			children = (
				1FDD34521A0A09320082319E /* Base */,
			);
			name = Main_iPhone.storyboard;
			sourceTree = "<group>";
		};
		1FDD34541A0A09320082319E /* Main_iPad.storyboard */ = {
			isa = PBXVariantGroup;
			children = (
				1FDD34551A0A09320082319E /* Base */,
			);
			name = Main_iPad.storyboard;
			sourceTree = "<group>";
		};
		1FDD346A1A0A09320082319E /* InfoPlist.strings */ = {
			isa = PBXVariantGroup;
			children = (
				1FDD346B1A0A09320082319E /* en */,
			);
			name = InfoPlist.strings;
			sourceTree = "<group>";
		};
/* End PBXVariantGroup section */

/* Begin XCBuildConfiguration section */
		1FDD346F1A0A09320082319E /* Debug */ = {
			isa = XCBuildConfiguration;
			buildSettings = {
				ALWAYS_SEARCH_USER_PATHS = NO;
				CLANG_CXX_LANGUAGE_STANDARD = "gnu++0x";
				CLANG_CXX_LIBRARY = "libc++";
				CLANG_ENABLE_MODULES = YES;
				CLANG_ENABLE_OBJC_ARC = YES;
				CLANG_WARN_BOOL_CONVERSION = YES;
				CLANG_WARN_CONSTANT_CONVERSION = YES;
				CLANG_WARN_DIRECT_OBJC_ISA_USAGE = YES_ERROR;
				CLANG_WARN_EMPTY_BODY = YES;
				CLANG_WARN_ENUM_CONVERSION = YES;
				CLANG_WARN_INT_CONVERSION = YES;
				CLANG_WARN_OBJC_ROOT_CLASS = YES_ERROR;
				CLANG_WARN__DUPLICATE_METHOD_MATCH = YES;
				"CODE_SIGN_IDENTITY[sdk=iphoneos*]" = "iPhone Developer";
				COPY_PHASE_STRIP = NO;
				GCC_C_LANGUAGE_STANDARD = gnu99;
				GCC_DYNAMIC_NO_PIC = NO;
				GCC_OPTIMIZATION_LEVEL = 0;
				GCC_PREPROCESSOR_DEFINITIONS = (
					"DEBUG=1",
					"$(inherited)",
				);
				GCC_SYMBOLS_PRIVATE_EXTERN = NO;
				GCC_WARN_64_TO_32_BIT_CONVERSION = YES;
				GCC_WARN_ABOUT_RETURN_TYPE = YES_ERROR;
				GCC_WARN_UNDECLARED_SELECTOR = YES;
				GCC_WARN_UNINITIALIZED_AUTOS = YES_AGGRESSIVE;
				GCC_WARN_UNUSED_FUNCTION = YES;
				GCC_WARN_UNUSED_VARIABLE = YES;
				IPHONEOS_DEPLOYMENT_TARGET = 7.1;
				ONLY_ACTIVE_ARCH = YES;
				SDKROOT = iphoneos;
				TARGETED_DEVICE_FAMILY = "1,2";
			};
			name = Debug;
		};
		1FDD34701A0A09320082319E /* Release */ = {
			isa = XCBuildConfiguration;
			buildSettings = {
				ALWAYS_SEARCH_USER_PATHS = NO;
				CLANG_CXX_LANGUAGE_STANDARD = "gnu++0x";
				CLANG_CXX_LIBRARY = "libc++";
				CLANG_ENABLE_MODULES = YES;
				CLANG_ENABLE_OBJC_ARC = YES;
				CLANG_WARN_BOOL_CONVERSION = YES;
				CLANG_WARN_CONSTANT_CONVERSION = YES;
				CLANG_WARN_DIRECT_OBJC_ISA_USAGE = YES_ERROR;
				CLANG_WARN_EMPTY_BODY = YES;
				CLANG_WARN_ENUM_CONVERSION = YES;
				CLANG_WARN_INT_CONVERSION = YES;
				CLANG_WARN_OBJC_ROOT_CLASS = YES_ERROR;
				CLANG_WARN__DUPLICATE_METHOD_MATCH = YES;
				"CODE_SIGN_IDENTITY[sdk=iphoneos*]" = "iPhone Developer";
				COPY_PHASE_STRIP = YES;
				ENABLE_NS_ASSERTIONS = NO;
				GCC_C_LANGUAGE_STANDARD = gnu99;
				GCC_WARN_64_TO_32_BIT_CONVERSION = YES;
				GCC_WARN_ABOUT_RETURN_TYPE = YES_ERROR;
				GCC_WARN_UNDECLARED_SELECTOR = YES;
				GCC_WARN_UNINITIALIZED_AUTOS = YES_AGGRESSIVE;
				GCC_WARN_UNUSED_FUNCTION = YES;
				GCC_WARN_UNUSED_VARIABLE = YES;
				IPHONEOS_DEPLOYMENT_TARGET = 7.1;
				SDKROOT = iphoneos;
				TARGETED_DEVICE_FAMILY = "1,2";
				VALIDATE_PRODUCT = YES;
			};
			name = Release;
		};
		1FDD34721A0A09320082319E /* Debug */ = {
			isa = XCBuildConfiguration;
			buildSettings = {
				ASSETCATALOG_COMPILER_APPICON_NAME = AppIcon;
				ASSETCATALOG_COMPILER_LAUNCHIMAGE_NAME = LaunchImage;
				GCC_PRECOMPILE_PREFIX_HEADER = YES;
				GCC_PREFIX_HEADER = "MB_加载效果demo/MB_加载效果demo-Prefix.pch";
				INFOPLIST_FILE = "MB_加载效果demo/MB_加载效果demo-Info.plist";
				PRODUCT_NAME = "$(TARGET_NAME)";
				WRAPPER_EXTENSION = app;
			};
			name = Debug;
		};
		1FDD34731A0A09320082319E /* Release */ = {
			isa = XCBuildConfiguration;
			buildSettings = {
				ASSETCATALOG_COMPILER_APPICON_NAME = AppIcon;
				ASSETCATALOG_COMPILER_LAUNCHIMAGE_NAME = LaunchImage;
				GCC_PRECOMPILE_PREFIX_HEADER = YES;
				GCC_PREFIX_HEADER = "MB_加载效果demo/MB_加载效果demo-Prefix.pch";
				INFOPLIST_FILE = "MB_加载效果demo/MB_加载效果demo-Info.plist";
				PRODUCT_NAME = "$(TARGET_NAME)";
				WRAPPER_EXTENSION = app;
			};
			name = Release;
		};
		1FDD34751A0A09320082319E /* Debug */ = {
			isa = XCBuildConfiguration;
			buildSettings = {
				BUNDLE_LOADER = "$(BUILT_PRODUCTS_DIR)/MB_加载效果demo.app/MB_加载效果demo";
				FRAMEWORK_SEARCH_PATHS = (
					"$(SDKROOT)/Developer/Library/Frameworks",
					"$(inherited)",
					"$(DEVELOPER_FRAMEWORKS_DIR)",
				);
				GCC_PRECOMPILE_PREFIX_HEADER = YES;
				GCC_PREFIX_HEADER = "MB_加载效果demo/MB_加载效果demo-Prefix.pch";
				GCC_PREPROCESSOR_DEFINITIONS = (
					"DEBUG=1",
					"$(inherited)",
				);
				INFOPLIST_FILE = "MB_加载效果demoTests/MB_加载效果demoTests-Info.plist";
				PRODUCT_NAME = "$(TARGET_NAME)";
				TEST_HOST = "$(BUNDLE_LOADER)";
				WRAPPER_EXTENSION = xctest;
			};
			name = Debug;
		};
		1FDD34761A0A09320082319E /* Release */ = {
			isa = XCBuildConfiguration;
			buildSettings = {
				BUNDLE_LOADER = "$(BUILT_PRODUCTS_DIR)/MB_加载效果demo.app/MB_加载效果demo";
				FRAMEWORK_SEARCH_PATHS = (
					"$(SDKROOT)/Developer/Library/Frameworks",
					"$(inherited)",
					"$(DEVELOPER_FRAMEWORKS_DIR)",
				);
				GCC_PRECOMPILE_PREFIX_HEADER = YES;
				GCC_PREFIX_HEADER = "MB_加载效果demo/MB_加载效果demo-Prefix.pch";
				INFOPLIST_FILE = "MB_加载效果demoTests/MB_加载效果demoTests-Info.plist";
				PRODUCT_NAME = "$(TARGET_NAME)";
				TEST_HOST = "$(BUNDLE_LOADER)";
				WRAPPER_EXTENSION = xctest;
			};
			name = Release;
		};
/* End XCBuildConfiguration section */

/* Begin XCConfigurationList section */
		1FDD34371A0A09320082319E /* Build configuration list for PBXProject "MB_加载效果demo" */ = {
			isa = XCConfigurationList;
			buildConfigurations = (
				1FDD346F1A0A09320082319E /* Debug */,
				1FDD34701A0A09320082319E /* Release */,
			);
			defaultConfigurationIsVisible = 0;
			defaultConfigurationName = Release;
		};
		1FDD34711A0A09320082319E /* Build configuration list for PBXNativeTarget "MB_加载效果demo" */ = {
			isa = XCConfigurationList;
			buildConfigurations = (
				1FDD34721A0A09320082319E /* Debug */,
				1FDD34731A0A09320082319E /* Release */,
			);
			defaultConfigurationIsVisible = 0;
		};
		1FDD34741A0A09320082319E /* Build configuration list for PBXNativeTarget "MB_加载效果demoTests" */ = {
			isa = XCConfigurationList;
			buildConfigurations = (
				1FDD34751A0A09320082319E /* Debug */,
				1FDD34761A0A09320082319E /* Release */,
			);
			defaultConfigurationIsVisible = 0;
		};
/* End XCConfigurationList section */
	};
	rootObject = 1FDD34341A0A09320082319E /* Project object */;
}
